<?xml version="1.0" encoding="UTF-8"?>
<Scheme
   version = "1.3">
   <BuildAction>
      <BuildActionEntries>
         <BuildActionEntry
            buildForRunning = "YES">
            <BuildableReference
               BuildableIdentifier = "primary"
               BlueprintIdentifier = "63C5A9CE22B601E900091EDE"
               BuildableName = "MyBasicSkillApp.app"
               BlueprintName = "MyBasicSkillApp"
               ReferencedContainer = "container:MyBasicSkillApp.xcodeproj">
            </BuildableReference>
         </BuildActionEntry>
      </BuildActionEntries>
   </BuildAction>
   <LaunchAction
      useCustomWorkingDirectory = "NO"
      buildConfiguration = "Debug"
      allowLocationSimulation = "YES">
      <BuildableProductRunnable>
         <BuildableReference
            BuildableIdentifier = "primary"
            BlueprintIdentifier = "63C5A9CE22B601E900091EDE"
            BuildableName = "MyBasicSkillApp.app"
            BlueprintName = "MyBasicSkillApp"
            ReferencedContainer = "container:MyBasicSkillApp.xcodeproj">
         </BuildableReference>
      </BuildableProductRunnable>
   </LaunchAction>
</Scheme>
