// !$*UTF8*$!
{
	archiveVersion = 1;
	classes = {
	};
	objectVersion = 50;
	objects = {

/* Begin PBXBuildFile section */
		63C5A9D422B601E900091EDE /* AppDelegate.m in Sources */ = {isa = PBXBuildFile; fileRef = 63C5A9D322B601E900091EDE /* AppDelegate.m */; };
		63C5A9D722B601E900091EDE /* ViewController.m in Sources */ = {isa = PBXBuildFile; fileRef = 63C5A9D622B601E900091EDE /* ViewController.m */; };
		63C5A9DA22B601E900091EDE /* Main.storyboard in Resources */ = {isa = PBXBuildFile; fileRef = 63C5A9D822B601E900091EDE /* Main.storyboard */; };
		63C5A9DC22B601EA00091EDE /* Assets.xcassets in Resources */ = {isa = PBXBuildFile; fileRef = 63C5A9DB22B601EA00091EDE /* Assets.xcassets */; };
		63C5A9DF22B601EA00091EDE /* LaunchScreen.storyboard in Resources */ = {isa = PBXBuildFile; fileRef = 63C5A9DD22B601EA00091EDE /* LaunchScreen.storyboard */; };
		63C5A9E222B601EA00091EDE /* main.m in Sources */ = {isa = PBXBuildFile; fileRef = 63C5A9E122B601EA00091EDE /* main.m */; };
		63C5A9EC22B601EB00091EDE /* MyBasicSkillAppTests.m in Sources */ = {isa = PBXBuildFile; fileRef = 63C5A9EB22B601EB00091EDE /* MyBasicSkillAppTests.m */; };
		63C5A9F722B601EB00091EDE /* MyBasicSkillAppUITests.m in Sources */ = {isa = PBXBuildFile; fileRef = 63C5A9F622B601EB00091EDE /* MyBasicSkillAppUITests.m */; };
		63C5AA0C22B60AE700091EDE /* MBSTabBarController.m in Sources */ = {isa = PBXBuildFile; fileRef = 63C5AA0B22B60AE700091EDE /* MBSTabBarController.m */; };
		63C5AA1422B6207200091EDE /* MBSHomeViewController.m in Sources */ = {isa = PBXBuildFile; fileRef = 63C5AA1322B6207200091EDE /* MBSHomeViewController.m */; };
		63C5AA1922B6303300091EDE /* FrameLayoutViewController.m in Sources */ = {isa = PBXBuildFile; fileRef = 63C5AA1822B6303300091EDE /* FrameLayoutViewController.m */; };
		63C5AA2022B63F3D00091EDE /* MBSFrameContentView.m in Sources */ = {isa = PBXBuildFile; fileRef = 63C5AA1F22B63F3D00091EDE /* MBSFrameContentView.m */; };
		63C5AA2522B649AF00091EDE /* MBSMasonryContentView.m in Sources */ = {isa = PBXBuildFile; fileRef = 63C5AA2422B649AF00091EDE /* MBSMasonryContentView.m */; };
		63C5AA2A22B649E400091EDE /* MBSMasonryViewController.m in Sources */ = {isa = PBXBuildFile; fileRef = 63C5AA2922B649E400091EDE /* MBSMasonryViewController.m */; };
		63C5AA2E22B64C8100091EDE /* MBSConstraintViewController.m in Sources */ = {isa = PBXBuildFile; fileRef = 63C5AA2D22B64C8100091EDE /* MBSConstraintViewController.m */; };
		63C5AA3322B64D9B00091EDE /* MBSConstraintView.m in Sources */ = {isa = PBXBuildFile; fileRef = 63C5AA3222B64D9B00091EDE /* MBSConstraintView.m */; };
		63C5AA3822B935D400091EDE /* MBSNetworkViewController.m in Sources */ = {isa = PBXBuildFile; fileRef = 63C5AA3722B935D400091EDE /* MBSNetworkViewController.m */; };
		652FB7726EE679F97142F82C /* libPods-MyBasicSkillAppTests.a in Frameworks */ = {isa = PBXBuildFile; fileRef = 075BC06001C13857EE0550F8 /* libPods-MyBasicSkillAppTests.a */; };
		ACAD52E4CE5E6FD0FD054D51 /* libPods-MyBasicSkillAppUITests.a in Frameworks */ = {isa = PBXBuildFile; fileRef = A1C4D10BA62689CF94DB5D8E /* libPods-MyBasicSkillAppUITests.a */; };
		C3DD917C22B73D880059F4EF /* AutoresizingViewController.m in Sources */ = {isa = PBXBuildFile; fileRef = C3DD917B22B73D880059F4EF /* AutoresizingViewController.m */; };
		C3DD917F22B73E670059F4EF /* MBSAutoresizingView.m in Sources */ = {isa = PBXBuildFile; fileRef = C3DD917E22B73E670059F4EF /* MBSAutoresizingView.m */; };
		C3DD918C22B7E30E0059F4EF /* MBSStackViewController.m in Sources */ = {isa = PBXBuildFile; fileRef = C3DD918B22B7E30E0059F4EF /* MBSStackViewController.m */; };
		C3DD919422BA618A0059F4EF /* 2.jpg in Resources */ = {isa = PBXBuildFile; fileRef = C3DD919322BA618A0059F4EF /* 2.jpg */; };
		C3DD919822BB23660059F4EF /* MBSViewControllerLifeTest.m in Sources */ = {isa = PBXBuildFile; fileRef = C3DD919722BB23660059F4EF /* MBSViewControllerLifeTest.m */; };
		E47B38E20AFB8EED83C25D0B /* libPods-MyBasicSkillApp.a in Frameworks */ = {isa = PBXBuildFile; fileRef = 2807D5415D34EC0D59468EAB /* libPods-MyBasicSkillApp.a */; };
/* End PBXBuildFile section */

/* Begin PBXContainerItemProxy section */
		63C5A9E822B601EB00091EDE /* PBXContainerItemProxy */ = {
			isa = PBXContainerItemProxy;
			containerPortal = 63C5A9C722B601E900091EDE /* Project object */;
			proxyType = 1;
			remoteGlobalIDString = 63C5A9CE22B601E900091EDE;
			remoteInfo = MyBasicSkillApp;
		};
		63C5A9F322B601EB00091EDE /* PBXContainerItemProxy */ = {
			isa = PBXContainerItemProxy;
			containerPortal = 63C5A9C722B601E900091EDE /* Project object */;
			proxyType = 1;
			remoteGlobalIDString = 63C5A9CE22B601E900091EDE;
			remoteInfo = MyBasicSkillApp;
		};
/* End PBXContainerItemProxy section */

/* Begin PBXFileReference section */
		046FEFEDE1AD8DBB886D6CEC /* Pods-MyBasicSkillAppUITests.debug.xcconfig */ = {isa = PBXFileReference; includeInIndex = 1; lastKnownFileType = text.xcconfig; name = "Pods-MyBasicSkillAppUITests.debug.xcconfig"; path = "Pods/Target Support Files/Pods-MyBasicSkillAppUITests/Pods-MyBasicSkillAppUITests.debug.xcconfig"; sourceTree = "<group>"; };
		075BC06001C13857EE0550F8 /* libPods-MyBasicSkillAppTests.a */ = {isa = PBXFileReference; explicitFileType = archive.ar; includeInIndex = 0; path = "libPods-MyBasicSkillAppTests.a"; sourceTree = BUILT_PRODUCTS_DIR; };
		2807D5415D34EC0D59468EAB /* libPods-MyBasicSkillApp.a */ = {isa = PBXFileReference; explicitFileType = archive.ar; includeInIndex = 0; path = "libPods-MyBasicSkillApp.a"; sourceTree = BUILT_PRODUCTS_DIR; };
		5BB17431BAEDAA9A22071BE2 /* Pods-MyBasicSkillAppTests.release.xcconfig */ = {isa = PBXFileReference; includeInIndex = 1; lastKnownFileType = text.xcconfig; name = "Pods-MyBasicSkillAppTests.release.xcconfig"; path = "Pods/Target Support Files/Pods-MyBasicSkillAppTests/Pods-MyBasicSkillAppTests.release.xcconfig"; sourceTree = "<group>"; };
		63C5A9CF22B601E900091EDE /* MyBasicSkillApp.app */ = {isa = PBXFileReference; explicitFileType = wrapper.application; includeInIndex = 0; path = MyBasicSkillApp.app; sourceTree = BUILT_PRODUCTS_DIR; };
		63C5A9D222B601E900091EDE /* AppDelegate.h */ = {isa = PBXFileReference; lastKnownFileType = sourcecode.c.h; path = AppDelegate.h; sourceTree = "<group>"; };
		63C5A9D322B601E900091EDE /* AppDelegate.m */ = {isa = PBXFileReference; lastKnownFileType = sourcecode.c.objc; path = AppDelegate.m; sourceTree = "<group>"; };
		63C5A9D522B601E900091EDE /* ViewController.h */ = {isa = PBXFileReference; lastKnownFileType = sourcecode.c.h; path = ViewController.h; sourceTree = "<group>"; };
		63C5A9D622B601E900091EDE /* ViewController.m */ = {isa = PBXFileReference; lastKnownFileType = sourcecode.c.objc; path = ViewController.m; sourceTree = "<group>"; };
		63C5A9D922B601E900091EDE /* Base */ = {isa = PBXFileReference; lastKnownFileType = file.storyboard; name = Base; path = Base.lproj/Main.storyboard; sourceTree = "<group>"; };
		63C5A9DB22B601EA00091EDE /* Assets.xcassets */ = {isa = PBXFileReference; lastKnownFileType = folder.assetcatalog; path = Assets.xcassets; sourceTree = "<group>"; };
		63C5A9DE22B601EA00091EDE /* Base */ = {isa = PBXFileReference; lastKnownFileType = file.storyboard; name = Base; path = Base.lproj/LaunchScreen.storyboard; sourceTree = "<group>"; };
		63C5A9E022B601EA00091EDE /* Info.plist */ = {isa = PBXFileReference; lastKnownFileType = text.plist.xml; path = Info.plist; sourceTree = "<group>"; };
		63C5A9E122B601EA00091EDE /* main.m */ = {isa = PBXFileReference; lastKnownFileType = sourcecode.c.objc; path = main.m; sourceTree = "<group>"; };
		63C5A9E722B601EB00091EDE /* MyBasicSkillAppTests.xctest */ = {isa = PBXFileReference; explicitFileType = wrapper.cfbundle; includeInIndex = 0; path = MyBasicSkillAppTests.xctest; sourceTree = BUILT_PRODUCTS_DIR; };
		63C5A9EB22B601EB00091EDE /* MyBasicSkillAppTests.m */ = {isa = PBXFileReference; lastKnownFileType = sourcecode.c.objc; path = MyBasicSkillAppTests.m; sourceTree = "<group>"; };
		63C5A9ED22B601EB00091EDE /* Info.plist */ = {isa = PBXFileReference; lastKnownFileType = text.plist.xml; path = Info.plist; sourceTree = "<group>"; };
		63C5A9F222B601EB00091EDE /* MyBasicSkillAppUITests.xctest */ = {isa = PBXFileReference; explicitFileType = wrapper.cfbundle; includeInIndex = 0; path = MyBasicSkillAppUITests.xctest; sourceTree = BUILT_PRODUCTS_DIR; };
		63C5A9F622B601EB00091EDE /* MyBasicSkillAppUITests.m */ = {isa = PBXFileReference; lastKnownFileType = sourcecode.c.objc; path = MyBasicSkillAppUITests.m; sourceTree = "<group>"; };
		63C5A9F822B601EB00091EDE /* Info.plist */ = {isa = PBXFileReference; lastKnownFileType = text.plist.xml; path = Info.plist; sourceTree = "<group>"; };
		63C5AA0A22B60AE700091EDE /* MBSTabBarController.h */ = {isa = PBXFileReference; lastKnownFileType = sourcecode.c.h; path = MBSTabBarController.h; sourceTree = "<group>"; };
		63C5AA0B22B60AE700091EDE /* MBSTabBarController.m */ = {isa = PBXFileReference; lastKnownFileType = sourcecode.c.objc; path = MBSTabBarController.m; sourceTree = "<group>"; };
		63C5AA1222B6207200091EDE /* MBSHomeViewController.h */ = {isa = PBXFileReference; lastKnownFileType = sourcecode.c.h; path = MBSHomeViewController.h; sourceTree = "<group>"; };
		63C5AA1322B6207200091EDE /* MBSHomeViewController.m */ = {isa = PBXFileReference; lastKnownFileType = sourcecode.c.objc; path = MBSHomeViewController.m; sourceTree = "<group>"; };
		63C5AA1722B6303300091EDE /* FrameLayoutViewController.h */ = {isa = PBXFileReference; lastKnownFileType = sourcecode.c.h; path = FrameLayoutViewController.h; sourceTree = "<group>"; };
		63C5AA1822B6303300091EDE /* FrameLayoutViewController.m */ = {isa = PBXFileReference; lastKnownFileType = sourcecode.c.objc; path = FrameLayoutViewController.m; sourceTree = "<group>"; };
		63C5AA1E22B63F3D00091EDE /* MBSFrameContentView.h */ = {isa = PBXFileReference; lastKnownFileType = sourcecode.c.h; path = MBSFrameContentView.h; sourceTree = "<group>"; };
		63C5AA1F22B63F3D00091EDE /* MBSFrameContentView.m */ = {isa = PBXFileReference; lastKnownFileType = sourcecode.c.objc; path = MBSFrameContentView.m; sourceTree = "<group>"; };
		63C5AA2322B649AF00091EDE /* MBSMasonryContentView.h */ = {isa = PBXFileReference; lastKnownFileType = sourcecode.c.h; path = MBSMasonryContentView.h; sourceTree = "<group>"; };
		63C5AA2422B649AF00091EDE /* MBSMasonryContentView.m */ = {isa = PBXFileReference; lastKnownFileType = sourcecode.c.objc; path = MBSMasonryContentView.m; sourceTree = "<group>"; };
		63C5AA2822B649E400091EDE /* MBSMasonryViewController.h */ = {isa = PBXFileReference; lastKnownFileType = sourcecode.c.h; path = MBSMasonryViewController.h; sourceTree = "<group>"; };
		63C5AA2922B649E400091EDE /* MBSMasonryViewController.m */ = {isa = PBXFileReference; lastKnownFileType = sourcecode.c.objc; path = MBSMasonryViewController.m; sourceTree = "<group>"; };
		63C5AA2C22B64C8100091EDE /* MBSConstraintViewController.h */ = {isa = PBXFileReference; lastKnownFileType = sourcecode.c.h; path = MBSConstraintViewController.h; sourceTree = "<group>"; };
		63C5AA2D22B64C8100091EDE /* MBSConstraintViewController.m */ = {isa = PBXFileReference; lastKnownFileType = sourcecode.c.objc; path = MBSConstraintViewController.m; sourceTree = "<group>"; };
		63C5AA3122B64D9B00091EDE /* MBSConstraintView.h */ = {isa = PBXFileReference; lastKnownFileType = sourcecode.c.h; path = MBSConstraintView.h; sourceTree = "<group>"; };
		63C5AA3222B64D9B00091EDE /* MBSConstraintView.m */ = {isa = PBXFileReference; lastKnownFileType = sourcecode.c.objc; path = MBSConstraintView.m; sourceTree = "<group>"; };
		63C5AA3622B935D400091EDE /* MBSNetworkViewController.h */ = {isa = PBXFileReference; lastKnownFileType = sourcecode.c.h; path = MBSNetworkViewController.h; sourceTree = "<group>"; };
		63C5AA3722B935D400091EDE /* MBSNetworkViewController.m */ = {isa = PBXFileReference; lastKnownFileType = sourcecode.c.objc; path = MBSNetworkViewController.m; sourceTree = "<group>"; };
		6B38089DDF71876AC2CE675D /* Pods-MyBasicSkillApp.debug.xcconfig */ = {isa = PBXFileReference; includeInIndex = 1; lastKnownFileType = text.xcconfig; name = "Pods-MyBasicSkillApp.debug.xcconfig"; path = "Pods/Target Support Files/Pods-MyBasicSkillApp/Pods-MyBasicSkillApp.debug.xcconfig"; sourceTree = "<group>"; };
		9063F5632F2B8DA3251E1F14 /* Pods-MyBasicSkillAppTests.debug.xcconfig */ = {isa = PBXFileReference; includeInIndex = 1; lastKnownFileType = text.xcconfig; name = "Pods-MyBasicSkillAppTests.debug.xcconfig"; path = "Pods/Target Support Files/Pods-MyBasicSkillAppTests/Pods-MyBasicSkillAppTests.debug.xcconfig"; sourceTree = "<group>"; };
		945FDD028DCA62549E99BC8E /* Pods-MyBasicSkillApp.release.xcconfig */ = {isa = PBXFileReference; includeInIndex = 1; lastKnownFileType = text.xcconfig; name = "Pods-MyBasicSkillApp.release.xcconfig"; path = "Pods/Target Support Files/Pods-MyBasicSkillApp/Pods-MyBasicSkillApp.release.xcconfig"; sourceTree = "<group>"; };
		A1C4D10BA62689CF94DB5D8E /* libPods-MyBasicSkillAppUITests.a */ = {isa = PBXFileReference; explicitFileType = archive.ar; includeInIndex = 0; path = "libPods-MyBasicSkillAppUITests.a"; sourceTree = BUILT_PRODUCTS_DIR; };
		C3DD917A22B73D880059F4EF /* AutoresizingViewController.h */ = {isa = PBXFileReference; lastKnownFileType = sourcecode.c.h; path = AutoresizingViewController.h; sourceTree = "<group>"; };
		C3DD917B22B73D880059F4EF /* AutoresizingViewController.m */ = {isa = PBXFileReference; lastKnownFileType = sourcecode.c.objc; path = AutoresizingViewController.m; sourceTree = "<group>"; };
		C3DD917D22B73E670059F4EF /* MBSAutoresizingView.h */ = {isa = PBXFileReference; lastKnownFileType = sourcecode.c.h; path = MBSAutoresizingView.h; sourceTree = "<group>"; };
		C3DD917E22B73E670059F4EF /* MBSAutoresizingView.m */ = {isa = PBXFileReference; lastKnownFileType = sourcecode.c.objc; path = MBSAutoresizingView.m; sourceTree = "<group>"; };
		C3DD918A22B7E30E0059F4EF /* MBSStackViewController.h */ = {isa = PBXFileReference; lastKnownFileType = sourcecode.c.h; path = MBSStackViewController.h; sourceTree = "<group>"; };
		C3DD918B22B7E30E0059F4EF /* MBSStackViewController.m */ = {isa = PBXFileReference; lastKnownFileType = sourcecode.c.objc; path = MBSStackViewController.m; sourceTree = "<group>"; };
		C3DD919322BA618A0059F4EF /* 2.jpg */ = {isa = PBXFileReference; lastKnownFileType = image.jpeg; path = 2.jpg; sourceTree = "<group>"; };
		C3DD919622BB23660059F4EF /* MBSViewControllerLifeTest.h */ = {isa = PBXFileReference; lastKnownFileType = sourcecode.c.h; path = MBSViewControllerLifeTest.h; sourceTree = "<group>"; };
		C3DD919722BB23660059F4EF /* MBSViewControllerLifeTest.m */ = {isa = PBXFileReference; lastKnownFileType = sourcecode.c.objc; path = MBSViewControllerLifeTest.m; sourceTree = "<group>"; };
		F27F940447975AFCB39AE1B7 /* Pods-MyBasicSkillAppUITests.release.xcconfig */ = {isa = PBXFileReference; includeInIndex = 1; lastKnownFileType = text.xcconfig; name = "Pods-MyBasicSkillAppUITests.release.xcconfig"; path = "Pods/Target Support Files/Pods-MyBasicSkillAppUITests/Pods-MyBasicSkillAppUITests.release.xcconfig"; sourceTree = "<group>"; };
/* End PBXFileReference section */

/* Begin PBXFrameworksBuildPhase section */
		63C5A9CC22B601E900091EDE /* Frameworks */ = {
			isa = PBXFrameworksBuildPhase;
			buildActionMask = 2147483647;
			files = (
				E47B38E20AFB8EED83C25D0B /* libPods-MyBasicSkillApp.a in Frameworks */,
			);
			runOnlyForDeploymentPostprocessing = 0;
		};
		63C5A9E422B601EB00091EDE /* Frameworks */ = {
			isa = PBXFrameworksBuildPhase;
			buildActionMask = 2147483647;
			files = (
				652FB7726EE679F97142F82C /* libPods-MyBasicSkillAppTests.a in Frameworks */,
			);
			runOnlyForDeploymentPostprocessing = 0;
		};
		63C5A9EF22B601EB00091EDE /* Frameworks */ = {
			isa = PBXFrameworksBuildPhase;
			buildActionMask = 2147483647;
			files = (
				ACAD52E4CE5E6FD0FD054D51 /* libPods-MyBasicSkillAppUITests.a in Frameworks */,
			);
			runOnlyForDeploymentPostprocessing = 0;
		};
/* End PBXFrameworksBuildPhase section */

/* Begin PBXGroup section */
		2338A2C1EF69AEF33DCDC064 /* Pods */ = {
			isa = PBXGroup;
			children = (
				6B38089DDF71876AC2CE675D /* Pods-MyBasicSkillApp.debug.xcconfig */,
				945FDD028DCA62549E99BC8E /* Pods-MyBasicSkillApp.release.xcconfig */,
				9063F5632F2B8DA3251E1F14 /* Pods-MyBasicSkillAppTests.debug.xcconfig */,
				5BB17431BAEDAA9A22071BE2 /* Pods-MyBasicSkillAppTests.release.xcconfig */,
				046FEFEDE1AD8DBB886D6CEC /* Pods-MyBasicSkillAppUITests.debug.xcconfig */,
				F27F940447975AFCB39AE1B7 /* Pods-MyBasicSkillAppUITests.release.xcconfig */,
			);
			name = Pods;
			sourceTree = "<group>";
		};
		468E70A69B621FA6DAAB3DB6 /* Frameworks */ = {
			isa = PBXGroup;
			children = (
				2807D5415D34EC0D59468EAB /* libPods-MyBasicSkillApp.a */,
				075BC06001C13857EE0550F8 /* libPods-MyBasicSkillAppTests.a */,
				A1C4D10BA62689CF94DB5D8E /* libPods-MyBasicSkillAppUITests.a */,
			);
			name = Frameworks;
			sourceTree = "<group>";
		};
		63C5A9C622B601E900091EDE = {
			isa = PBXGroup;
			children = (
				63C5A9D122B601E900091EDE /* MyBasicSkillApp */,
				63C5A9EA22B601EB00091EDE /* MyBasicSkillAppTests */,
				63C5A9F522B601EB00091EDE /* MyBasicSkillAppUITests */,
				63C5A9D022B601E900091EDE /* Products */,
				2338A2C1EF69AEF33DCDC064 /* Pods */,
				468E70A69B621FA6DAAB3DB6 /* Frameworks */,
			);
			sourceTree = "<group>";
		};
		63C5A9D022B601E900091EDE /* Products */ = {
			isa = PBXGroup;
			children = (
				63C5A9CF22B601E900091EDE /* MyBasicSkillApp.app */,
				63C5A9E722B601EB00091EDE /* MyBasicSkillAppTests.xctest */,
				63C5A9F222B601EB00091EDE /* MyBasicSkillAppUITests.xctest */,
			);
			name = Products;
			sourceTree = "<group>";
		};
		63C5A9D122B601E900091EDE /* MyBasicSkillApp */ = {
			isa = PBXGroup;
			children = (
				C3DD919322BA618A0059F4EF /* 2.jpg */,
				63C5AA1522B6300400091EDE /* SecondaryPage */,
				63C5AA0D22B6202500091EDE /* MainPage */,
				63C5AA0522B6034C00091EDE /* Tab */,
				63C5A9D222B601E900091EDE /* AppDelegate.h */,
				63C5A9D322B601E900091EDE /* AppDelegate.m */,
				63C5A9D522B601E900091EDE /* ViewController.h */,
				63C5A9D622B601E900091EDE /* ViewController.m */,
				63C5A9D822B601E900091EDE /* Main.storyboard */,
				63C5A9DB22B601EA00091EDE /* Assets.xcassets */,
				63C5A9DD22B601EA00091EDE /* LaunchScreen.storyboard */,
				63C5A9E022B601EA00091EDE /* Info.plist */,
				63C5A9E122B601EA00091EDE /* main.m */,
			);
			path = MyBasicSkillApp;
			sourceTree = "<group>";
		};
		63C5A9EA22B601EB00091EDE /* MyBasicSkillAppTests */ = {
			isa = PBXGroup;
			children = (
				63C5A9EB22B601EB00091EDE /* MyBasicSkillAppTests.m */,
				63C5A9ED22B601EB00091EDE /* Info.plist */,
			);
			path = MyBasicSkillAppTests;
			sourceTree = "<group>";
		};
		63C5A9F522B601EB00091EDE /* MyBasicSkillAppUITests */ = {
			isa = PBXGroup;
			children = (
				63C5A9F622B601EB00091EDE /* MyBasicSkillAppUITests.m */,
				63C5A9F822B601EB00091EDE /* Info.plist */,
			);
			path = MyBasicSkillAppUITests;
			sourceTree = "<group>";
		};
		63C5AA0522B6034C00091EDE /* Tab */ = {
			isa = PBXGroup;
			children = (
				63C5AA0922B60A5000091EDE /* Controllers */,
			);
			path = Tab;
			sourceTree = "<group>";
		};
		63C5AA0922B60A5000091EDE /* Controllers */ = {
			isa = PBXGroup;
			children = (
				63C5AA0A22B60AE700091EDE /* MBSTabBarController.h */,
				63C5AA0B22B60AE700091EDE /* MBSTabBarController.m */,
			);
			path = Controllers;
			sourceTree = "<group>";
		};
		63C5AA0D22B6202500091EDE /* MainPage */ = {
			isa = PBXGroup;
			children = (
				63C5AA0E22B6203C00091EDE /* Home */,
			);
			path = MainPage;
			sourceTree = "<group>";
		};
		63C5AA0E22B6203C00091EDE /* Home */ = {
			isa = PBXGroup;
			children = (
				63C5AA1122B6205300091EDE /* Models */,
				63C5AA1022B6204B00091EDE /* Views */,
				63C5AA0F22B6204200091EDE /* Controllers */,
			);
			path = Home;
			sourceTree = "<group>";
		};
		63C5AA0F22B6204200091EDE /* Controllers */ = {
			isa = PBXGroup;
			children = (
				63C5AA1222B6207200091EDE /* MBSHomeViewController.h */,
				63C5AA1322B6207200091EDE /* MBSHomeViewController.m */,
			);
			path = Controllers;
			sourceTree = "<group>";
		};
		63C5AA1022B6204B00091EDE /* Views */ = {
			isa = PBXGroup;
			children = (
			);
			path = Views;
			sourceTree = "<group>";
		};
		63C5AA1122B6205300091EDE /* Models */ = {
			isa = PBXGroup;
			children = (
			);
			path = Models;
			sourceTree = "<group>";
		};
		63C5AA1522B6300400091EDE /* SecondaryPage */ = {
			isa = PBXGroup;
			children = (
				C3DD919522BB23390059F4EF /* ViewControllerLifeTest */,
				63C5AA3422B9359300091EDE /* NetworkDemo */,
				C3DD918922B7E0D60059F4EF /* StackView */,
				C3DD917722B7376E0059F4EF /* Autoresizing */,
				63C5AA2B22B64C6200091EDE /* Constraint */,
				63C5AA2222B6498000091EDE /* MasonryLayout */,
				63C5AA1622B6301500091EDE /* FrameLayout */,
			);
			path = SecondaryPage;
			sourceTree = "<group>";
		};
		63C5AA1622B6301500091EDE /* FrameLayout */ = {
			isa = PBXGroup;
			children = (
				63C5AA2122B6449300091EDE /* Controllers */,
				63C5AA1A22B63ED100091EDE /* Views */,
			);
			path = FrameLayout;
			sourceTree = "<group>";
		};
		63C5AA1A22B63ED100091EDE /* Views */ = {
			isa = PBXGroup;
			children = (
				63C5AA1E22B63F3D00091EDE /* MBSFrameContentView.h */,
				63C5AA1F22B63F3D00091EDE /* MBSFrameContentView.m */,
			);
			path = Views;
			sourceTree = "<group>";
		};
		63C5AA2122B6449300091EDE /* Controllers */ = {
			isa = PBXGroup;
			children = (
				63C5AA1722B6303300091EDE /* FrameLayoutViewController.h */,
				63C5AA1822B6303300091EDE /* FrameLayoutViewController.m */,
			);
			path = Controllers;
			sourceTree = "<group>";
		};
		63C5AA2222B6498000091EDE /* MasonryLayout */ = {
			isa = PBXGroup;
			children = (
				63C5AA2722B649B800091EDE /* Controllers */,
				63C5AA2622B649B300091EDE /* Views */,
			);
			path = MasonryLayout;
			sourceTree = "<group>";
		};
		63C5AA2622B649B300091EDE /* Views */ = {
			isa = PBXGroup;
			children = (
				63C5AA2422B649AF00091EDE /* MBSMasonryContentView.m */,
				63C5AA2322B649AF00091EDE /* MBSMasonryContentView.h */,
			);
			path = Views;
			sourceTree = "<group>";
		};
		63C5AA2722B649B800091EDE /* Controllers */ = {
			isa = PBXGroup;
			children = (
				63C5AA2822B649E400091EDE /* MBSMasonryViewController.h */,
				63C5AA2922B649E400091EDE /* MBSMasonryViewController.m */,
			);
			path = Controllers;
			sourceTree = "<group>";
		};
		63C5AA2B22B64C6200091EDE /* Constraint */ = {
			isa = PBXGroup;
			children = (
				63C5AA3022B64D7B00091EDE /* Controllers */,
				63C5AA2F22B64D7500091EDE /* Views */,
			);
			path = Constraint;
			sourceTree = "<group>";
		};
		63C5AA2F22B64D7500091EDE /* Views */ = {
			isa = PBXGroup;
			children = (
				63C5AA3122B64D9B00091EDE /* MBSConstraintView.h */,
				63C5AA3222B64D9B00091EDE /* MBSConstraintView.m */,
			);
			path = Views;
			sourceTree = "<group>";
		};
		63C5AA3022B64D7B00091EDE /* Controllers */ = {
			isa = PBXGroup;
			children = (
				63C5AA2D22B64C8100091EDE /* MBSConstraintViewController.m */,
				63C5AA2C22B64C8100091EDE /* MBSConstraintViewController.h */,
			);
			path = Controllers;
			sourceTree = "<group>";
		};
		63C5AA3422B9359300091EDE /* NetworkDemo */ = {
			isa = PBXGroup;
			children = (
				63C5AA3522B935A900091EDE /* Controllers */,
			);
			path = NetworkDemo;
			sourceTree = "<group>";
		};
		63C5AA3522B935A900091EDE /* Controllers */ = {
			isa = PBXGroup;
			children = (
				63C5AA3622B935D400091EDE /* MBSNetworkViewController.h */,
				63C5AA3722B935D400091EDE /* MBSNetworkViewController.m */,
			);
			path = Controllers;
			sourceTree = "<group>";
		};
		C3DD917722B7376E0059F4EF /* Autoresizing */ = {
			isa = PBXGroup;
			children = (
				C3DD917922B73D6E0059F4EF /* Controllers */,
				C3DD917822B73D660059F4EF /* Views */,
			);
			path = Autoresizing;
			sourceTree = "<group>";
		};
		C3DD917822B73D660059F4EF /* Views */ = {
			isa = PBXGroup;
			children = (
				C3DD917D22B73E670059F4EF /* MBSAutoresizingView.h */,
				C3DD917E22B73E670059F4EF /* MBSAutoresizingView.m */,
			);
			path = Views;
			sourceTree = "<group>";
		};
		C3DD917922B73D6E0059F4EF /* Controllers */ = {
			isa = PBXGroup;
			children = (
				C3DD917A22B73D880059F4EF /* AutoresizingViewController.h */,
				C3DD917B22B73D880059F4EF /* AutoresizingViewController.m */,
			);
			path = Controllers;
			sourceTree = "<group>";
		};
		C3DD918922B7E0D60059F4EF /* StackView */ = {
			isa = PBXGroup;
			children = (
				C3DD918A22B7E30E0059F4EF /* MBSStackViewController.h */,
				C3DD918B22B7E30E0059F4EF /* MBSStackViewController.m */,
			);
			path = StackView;
			sourceTree = "<group>";
		};
		C3DD919522BB23390059F4EF /* ViewControllerLifeTest */ = {
			isa = PBXGroup;
			children = (
				C3DD919622BB23660059F4EF /* MBSViewControllerLifeTest.h */,
				C3DD919722BB23660059F4EF /* MBSViewControllerLifeTest.m */,
			);
			path = ViewControllerLifeTest;
			sourceTree = "<group>";
		};
/* End PBXGroup section */

/* Begin PBXNativeTarget section */
		63C5A9CE22B601E900091EDE /* MyBasicSkillApp */ = {
			isa = PBXNativeTarget;
			buildConfigurationList = 63C5A9FB22B601EB00091EDE /* Build configuration list for PBXNativeTarget "MyBasicSkillApp" */;
			buildPhases = (
				4D6AF59739A951FB0D0383EA /* [CP] Check Pods Manifest.lock */,
				63C5A9CB22B601E900091EDE /* Sources */,
				63C5A9CC22B601E900091EDE /* Frameworks */,
				63C5A9CD22B601E900091EDE /* Resources */,
			);
			buildRules = (
			);
			dependencies = (
			);
			name = MyBasicSkillApp;
			productName = MyBasicSkillApp;
			productReference = 63C5A9CF22B601E900091EDE /* MyBasicSkillApp.app */;
			productType = "com.apple.product-type.application";
		};
		63C5A9E622B601EB00091EDE /* MyBasicSkillAppTests */ = {
			isa = PBXNativeTarget;
			buildConfigurationList = 63C5A9FE22B601EB00091EDE /* Build configuration list for PBXNativeTarget "MyBasicSkillAppTests" */;
			buildPhases = (
				C8045E05B2757BB2B6161C93 /* [CP] Check Pods Manifest.lock */,
				63C5A9E322B601EB00091EDE /* Sources */,
				63C5A9E422B601EB00091EDE /* Frameworks */,
				63C5A9E522B601EB00091EDE /* Resources */,
			);
			buildRules = (
			);
			dependencies = (
				63C5A9E922B601EB00091EDE /* PBXTargetDependency */,
			);
			name = MyBasicSkillAppTests;
			productName = MyBasicSkillAppTests;
			productReference = 63C5A9E722B601EB00091EDE /* MyBasicSkillAppTests.xctest */;
			productType = "com.apple.product-type.bundle.unit-test";
		};
		63C5A9F122B601EB00091EDE /* MyBasicSkillAppUITests */ = {
			isa = PBXNativeTarget;
			buildConfigurationList = 63C5AA0122B601EB00091EDE /* Build configuration list for PBXNativeTarget "MyBasicSkillAppUITests" */;
			buildPhases = (
				4FBFC246AF1A7BF730B70A16 /* [CP] Check Pods Manifest.lock */,
				63C5A9EE22B601EB00091EDE /* Sources */,
				63C5A9EF22B601EB00091EDE /* Frameworks */,
				63C5A9F022B601EB00091EDE /* Resources */,
			);
			buildRules = (
			);
			dependencies = (
				63C5A9F422B601EB00091EDE /* PBXTargetDependency */,
			);
			name = MyBasicSkillAppUITests;
			productName = MyBasicSkillAppUITests;
			productReference = 63C5A9F222B601EB00091EDE /* MyBasicSkillAppUITests.xctest */;
			productType = "com.apple.product-type.bundle.ui-testing";
		};
/* End PBXNativeTarget section */

/* Begin PBXProject section */
		63C5A9C722B601E900091EDE /* Project object */ = {
			isa = PBXProject;
			attributes = {
				LastUpgradeCheck = 1020;
				ORGANIZATIONNAME = "Liu Baoshuai";
				TargetAttributes = {
					63C5A9CE22B601E900091EDE = {
						CreatedOnToolsVersion = 10.2.1;
					};
					63C5A9E622B601EB00091EDE = {
						CreatedOnToolsVersion = 10.2.1;
						TestTargetID = 63C5A9CE22B601E900091EDE;
					};
					63C5A9F122B601EB00091EDE = {
						CreatedOnToolsVersion = 10.2.1;
						TestTargetID = 63C5A9CE22B601E900091EDE;
					};
				};
			};
			buildConfigurationList = 63C5A9CA22B601E900091EDE /* Build configuration list for PBXProject "MyBasicSkillApp" */;
			compatibilityVersion = "Xcode 9.3";
			developmentRegion = en;
			hasScannedForEncodings = 0;
			knownRegions = (
				en,
				Base,
			);
			mainGroup = 63C5A9C622B601E900091EDE;
			productRefGroup = 63C5A9D022B601E900091EDE /* Products */;
			projectDirPath = "";
			projectRoot = "";
			targets = (
				63C5A9CE22B601E900091EDE /* MyBasicSkillApp */,
				63C5A9E622B601EB00091EDE /* MyBasicSkillAppTests */,
				63C5A9F122B601EB00091EDE /* MyBasicSkillAppUITests */,
			);
		};
/* End PBXProject section */

/* Begin PBXResourcesBuildPhase section */
		63C5A9CD22B601E900091EDE /* Resources */ = {
			isa = PBXResourcesBuildPhase;
			buildActionMask = 2147483647;
			files = (
				63C5A9DF22B601EA00091EDE /* LaunchScreen.storyboard in Resources */,
				C3DD919422BA618A0059F4EF /* 2.jpg in Resources */,
				63C5A9DC22B601EA00091EDE /* Assets.xcassets in Resources */,
				63C5A9DA22B601E900091EDE /* Main.storyboard in Resources */,
			);
			runOnlyForDeploymentPostprocessing = 0;
		};
		63C5A9E522B601EB00091EDE /* Resources */ = {
			isa = PBXResourcesBuildPhase;
			buildActionMask = 2147483647;
			files = (
			);
			runOnlyForDeploymentPostprocessing = 0;
		};
		63C5A9F022B601EB00091EDE /* Resources */ = {
			isa = PBXResourcesBuildPhase;
			buildActionMask = 2147483647;
			files = (
			);
			runOnlyForDeploymentPostprocessing = 0;
		};
/* End PBXResourcesBuildPhase section */

/* Begin PBXShellScriptBuildPhase section */
		4D6AF59739A951FB0D0383EA /* [CP] Check Pods Manifest.lock */ = {
			isa = PBXShellScriptBuildPhase;
			buildActionMask = 2147483647;
			files = (
			);
			inputFileListPaths = (
			);
			inputPaths = (
				"${PODS_PODFILE_DIR_PATH}/Podfile.lock",
				"${PODS_ROOT}/Manifest.lock",
			);
			name = "[CP] Check Pods Manifest.lock";
			outputFileListPaths = (
			);
			outputPaths = (
				"$(DERIVED_FILE_DIR)/Pods-MyBasicSkillApp-checkManifestLockResult.txt",
			);
			runOnlyForDeploymentPostprocessing = 0;
			shellPath = /bin/sh;
			shellScript = "diff \"${PODS_PODFILE_DIR_PATH}/Podfile.lock\" \"${PODS_ROOT}/Manifest.lock\" > /dev/null\nif [ $? != 0 ] ; then\n    # print error to STDERR\n    echo \"error: The sandbox is not in sync with the Podfile.lock. Run 'pod install' or update your CocoaPods installation.\" >&2\n    exit 1\nfi\n# This output is used by Xcode 'outputs' to avoid re-running this script phase.\necho \"SUCCESS\" > \"${SCRIPT_OUTPUT_FILE_0}\"\n";
			showEnvVarsInLog = 0;
		};
		4FBFC246AF1A7BF730B70A16 /* [CP] Check Pods Manifest.lock */ = {
			isa = PBXShellScriptBuildPhase;
			buildActionMask = 2147483647;
			files = (
			);
			inputFileListPaths = (
			);
			inputPaths = (
				"${PODS_PODFILE_DIR_PATH}/Podfile.lock",
				"${PODS_ROOT}/Manifest.lock",
			);
			name = "[CP] Check Pods Manifest.lock";
			outputFileListPaths = (
			);
			outputPaths = (
				"$(DERIVED_FILE_DIR)/Pods-MyBasicSkillAppUITests-checkManifestLockResult.txt",
			);
			runOnlyForDeploymentPostprocessing = 0;
			shellPath = /bin/sh;
			shellScript = "diff \"${PODS_PODFILE_DIR_PATH}/Podfile.lock\" \"${PODS_ROOT}/Manifest.lock\" > /dev/null\nif [ $? != 0 ] ; then\n    # print error to STDERR\n    echo \"error: The sandbox is not in sync with the Podfile.lock. Run 'pod install' or update your CocoaPods installation.\" >&2\n    exit 1\nfi\n# This output is used by Xcode 'outputs' to avoid re-running this script phase.\necho \"SUCCESS\" > \"${SCRIPT_OUTPUT_FILE_0}\"\n";
			showEnvVarsInLog = 0;
		};
		C8045E05B2757BB2B6161C93 /* [CP] Check Pods Manifest.lock */ = {
			isa = PBXShellScriptBuildPhase;
			buildActionMask = 2147483647;
			files = (
			);
			inputFileListPaths = (
			);
			inputPaths = (
				"${PODS_PODFILE_DIR_PATH}/Podfile.lock",
				"${PODS_ROOT}/Manifest.lock",
			);
			name = "[CP] Check Pods Manifest.lock";
			outputFileListPaths = (
			);
			outputPaths = (
				"$(DERIVED_FILE_DIR)/Pods-MyBasicSkillAppTests-checkManifestLockResult.txt",
			);
			runOnlyForDeploymentPostprocessing = 0;
			shellPath = /bin/sh;
			shellScript = "diff \"${PODS_PODFILE_DIR_PATH}/Podfile.lock\" \"${PODS_ROOT}/Manifest.lock\" > /dev/null\nif [ $? != 0 ] ; then\n    # print error to STDERR\n    echo \"error: The sandbox is not in sync with the Podfile.lock. Run 'pod install' or update your CocoaPods installation.\" >&2\n    exit 1\nfi\n# This output is used by Xcode 'outputs' to avoid re-running this script phase.\necho \"SUCCESS\" > \"${SCRIPT_OUTPUT_FILE_0}\"\n";
			showEnvVarsInLog = 0;
		};
/* End PBXShellScriptBuildPhase section */

/* Begin PBXSourcesBuildPhase section */
		63C5A9CB22B601E900091EDE /* Sources */ = {
			isa = PBXSourcesBuildPhase;
			buildActionMask = 2147483647;
			files = (
				63C5AA1922B6303300091EDE /* FrameLayoutViewController.m in Sources */,
				63C5A9D722B601E900091EDE /* ViewController.m in Sources */,
				63C5A9E222B601EA00091EDE /* main.m in Sources */,
				63C5AA2A22B649E400091EDE /* MBSMasonryViewController.m in Sources */,
				63C5AA3322B64D9B00091EDE /* MBSConstraintView.m in Sources */,
				63C5AA3822B935D400091EDE /* MBSNetworkViewController.m in Sources */,
				63C5AA2522B649AF00091EDE /* MBSMasonryContentView.m in Sources */,
				C3DD919822BB23660059F4EF /* MBSViewControllerLifeTest.m in Sources */,
				63C5AA0C22B60AE700091EDE /* MBSTabBarController.m in Sources */,
				63C5AA2022B63F3D00091EDE /* MBSFrameContentView.m in Sources */,
				C3DD918C22B7E30E0059F4EF /* MBSStackViewController.m in Sources */,
				63C5AA1422B6207200091EDE /* MBSHomeViewController.m in Sources */,
				63C5AA2E22B64C8100091EDE /* MBSConstraintViewController.m in Sources */,
				C3DD917F22B73E670059F4EF /* MBSAutoresizingView.m in Sources */,
				C3DD917C22B73D880059F4EF /* AutoresizingViewController.m in Sources */,
				63C5A9D422B601E900091EDE /* AppDelegate.m in Sources */,
			);
			runOnlyForDeploymentPostprocessing = 0;
		};
		63C5A9E322B601EB00091EDE /* Sources */ = {
			isa = PBXSourcesBuildPhase;
			buildActionMask = 2147483647;
			files = (
				63C5A9EC22B601EB00091EDE /* MyBasicSkillAppTests.m in Sources */,
			);
			runOnlyForDeploymentPostprocessing = 0;
		};
		63C5A9EE22B601EB00091EDE /* Sources */ = {
			isa = PBXSourcesBuildPhase;
			buildActionMask = 2147483647;
			files = (
				63C5A9F722B601EB00091EDE /* MyBasicSkillAppUITests.m in Sources */,
			);
			runOnlyForDeploymentPostprocessing = 0;
		};
/* End PBXSourcesBuildPhase section */

/* Begin PBXTargetDependency section */
		63C5A9E922B601EB00091EDE /* PBXTargetDependency */ = {
			isa = PBXTargetDependency;
			target = 63C5A9CE22B601E900091EDE /* MyBasicSkillApp */;
			targetProxy = 63C5A9E822B601EB00091EDE /* PBXContainerItemProxy */;
		};
		63C5A9F422B601EB00091EDE /* PBXTargetDependency */ = {
			isa = PBXTargetDependency;
			target = 63C5A9CE22B601E900091EDE /* MyBasicSkillApp */;
			targetProxy = 63C5A9F322B601EB00091EDE /* PBXContainerItemProxy */;
		};
/* End PBXTargetDependency section */

/* Begin PBXVariantGroup section */
		63C5A9D822B601E900091EDE /* Main.storyboard */ = {
			isa = PBXVariantGroup;
			children = (
				63C5A9D922B601E900091EDE /* Base */,
			);
			name = Main.storyboard;
			sourceTree = "<group>";
		};
		63C5A9DD22B601EA00091EDE /* LaunchScreen.storyboard */ = {
			isa = PBXVariantGroup;
			children = (
				63C5A9DE22B601EA00091EDE /* Base */,
			);
			name = LaunchScreen.storyboard;
			sourceTree = "<group>";
		};
/* End PBXVariantGroup section */

/* Begin XCBuildConfiguration section */
		63C5A9F922B601EB00091EDE /* Debug */ = {
			isa = XCBuildConfiguration;
			buildSettings = {
				ALWAYS_SEARCH_USER_PATHS = NO;
				CLANG_ANALYZER_NONNULL = YES;
				CLANG_ANALYZER_NUMBER_OBJECT_CONVERSION = YES_AGGRESSIVE;
				CLANG_CXX_LANGUAGE_STANDARD = "gnu++14";
				CLANG_CXX_LIBRARY = "libc++";
				CLANG_ENABLE_MODULES = YES;
				CLANG_ENABLE_OBJC_ARC = YES;
				CLANG_ENABLE_OBJC_WEAK = YES;
				CLANG_WARN_BLOCK_CAPTURE_AUTORELEASING = YES;
				CLANG_WARN_BOOL_CONVERSION = YES;
				CLANG_WARN_COMMA = YES;
				CLANG_WARN_CONSTANT_CONVERSION = YES;
				CLANG_WARN_DEPRECATED_OBJC_IMPLEMENTATIONS = YES;
				CLANG_WARN_DIRECT_OBJC_ISA_USAGE = YES_ERROR;
				CLANG_WARN_DOCUMENTATION_COMMENTS = YES;
				CLANG_WARN_EMPTY_BODY = YES;
				CLANG_WARN_ENUM_CONVERSION = YES;
				CLANG_WARN_INFINITE_RECURSION = YES;
				CLANG_WARN_INT_CONVERSION = YES;
				CLANG_WARN_NON_LITERAL_NULL_CONVERSION = YES;
				CLANG_WARN_OBJC_IMPLICIT_RETAIN_SELF = YES;
				CLANG_WARN_OBJC_LITERAL_CONVERSION = YES;
				CLANG_WARN_OBJC_ROOT_CLASS = YES_ERROR;
				CLANG_WARN_RANGE_LOOP_ANALYSIS = YES;
				CLANG_WARN_STRICT_PROTOTYPES = YES;
				CLANG_WARN_SUSPICIOUS_MOVE = YES;
				CLANG_WARN_UNGUARDED_AVAILABILITY = YES_AGGRESSIVE;
				CLANG_WARN_UNREACHABLE_CODE = YES;
				CLANG_WARN__DUPLICATE_METHOD_MATCH = YES;
				CODE_SIGN_IDENTITY = "iPhone Developer";
				COPY_PHASE_STRIP = NO;
				DEBUG_INFORMATION_FORMAT = dwarf;
				ENABLE_STRICT_OBJC_MSGSEND = YES;
				ENABLE_TESTABILITY = YES;
				GCC_C_LANGUAGE_STANDARD = gnu11;
				GCC_DYNAMIC_NO_PIC = NO;
				GCC_NO_COMMON_BLOCKS = YES;
				GCC_OPTIMIZATION_LEVEL = 0;
				GCC_PREPROCESSOR_DEFINITIONS = (
					"DEBUG=1",
					"$(inherited)",
				);
				GCC_WARN_64_TO_32_BIT_CONVERSION = YES;
				GCC_WARN_ABOUT_RETURN_TYPE = YES_ERROR;
				GCC_WARN_UNDECLARED_SELECTOR = YES;
				GCC_WARN_UNINITIALIZED_AUTOS = YES_AGGRESSIVE;
				GCC_WARN_UNUSED_FUNCTION = YES;
				GCC_WARN_UNUSED_VARIABLE = YES;
				IPHONEOS_DEPLOYMENT_TARGET = 12.2;
				MTL_ENABLE_DEBUG_INFO = INCLUDE_SOURCE;
				MTL_FAST_MATH = YES;
				ONLY_ACTIVE_ARCH = YES;
				SDKROOT = iphoneos;
			};
			name = Debug;
		};
		63C5A9FA22B601EB00091EDE /* Release */ = {
			isa = XCBuildConfiguration;
			buildSettings = {
				ALWAYS_SEARCH_USER_PATHS = NO;
				CLANG_ANALYZER_NONNULL = YES;
				CLANG_ANALYZER_NUMBER_OBJECT_CONVERSION = YES_AGGRESSIVE;
				CLANG_CXX_LANGUAGE_STANDARD = "gnu++14";
				CLANG_CXX_LIBRARY = "libc++";
				CLANG_ENABLE_MODULES = YES;
				CLANG_ENABLE_OBJC_ARC = YES;
				CLANG_ENABLE_OBJC_WEAK = YES;
				CLANG_WARN_BLOCK_CAPTURE_AUTORELEASING = YES;
				CLANG_WARN_BOOL_CONVERSION = YES;
				CLANG_WARN_COMMA = YES;
				CLANG_WARN_CONSTANT_CONVERSION = YES;
				CLANG_WARN_DEPRECATED_OBJC_IMPLEMENTATIONS = YES;
				CLANG_WARN_DIRECT_OBJC_ISA_USAGE = YES_ERROR;
				CLANG_WARN_DOCUMENTATION_COMMENTS = YES;
				CLANG_WARN_EMPTY_BODY = YES;
				CLANG_WARN_ENUM_CONVERSION = YES;
				CLANG_WARN_INFINITE_RECURSION = YES;
				CLANG_WARN_INT_CONVERSION = YES;
				CLANG_WARN_NON_LITERAL_NULL_CONVERSION = YES;
				CLANG_WARN_OBJC_IMPLICIT_RETAIN_SELF = YES;
				CLANG_WARN_OBJC_LITERAL_CONVERSION = YES;
				CLANG_WARN_OBJC_ROOT_CLASS = YES_ERROR;
				CLANG_WARN_RANGE_LOOP_ANALYSIS = YES;
				CLANG_WARN_STRICT_PROTOTYPES = YES;
				CLANG_WARN_SUSPICIOUS_MOVE = YES;
				CLANG_WARN_UNGUARDED_AVAILABILITY = YES_AGGRESSIVE;
				CLANG_WARN_UNREACHABLE_CODE = YES;
				CLANG_WARN__DUPLICATE_METHOD_MATCH = YES;
				CODE_SIGN_IDENTITY = "iPhone Developer";
				COPY_PHASE_STRIP = NO;
				DEBUG_INFORMATION_FORMAT = "dwarf-with-dsym";
				ENABLE_NS_ASSERTIONS = NO;
				ENABLE_STRICT_OBJC_MSGSEND = YES;
				GCC_C_LANGUAGE_STANDARD = gnu11;
				GCC_NO_COMMON_BLOCKS = YES;
				GCC_WARN_64_TO_32_BIT_CONVERSION = YES;
				GCC_WARN_ABOUT_RETURN_TYPE = YES_ERROR;
				GCC_WARN_UNDECLARED_SELECTOR = YES;
				GCC_WARN_UNINITIALIZED_AUTOS = YES_AGGRESSIVE;
				GCC_WARN_UNUSED_FUNCTION = YES;
				GCC_WARN_UNUSED_VARIABLE = YES;
				IPHONEOS_DEPLOYMENT_TARGET = 12.2;
				MTL_ENABLE_DEBUG_INFO = NO;
				MTL_FAST_MATH = YES;
				SDKROOT = iphoneos;
				VALIDATE_PRODUCT = YES;
			};
			name = Release;
		};
		63C5A9FC22B601EB00091EDE /* Debug */ = {
			isa = XCBuildConfiguration;
			baseConfigurationReference = 6B38089DDF71876AC2CE675D /* Pods-MyBasicSkillApp.debug.xcconfig */;
			buildSettings = {
				ASSETCATALOG_COMPILER_APPICON_NAME = AppIcon;
				CODE_SIGN_STYLE = Automatic;
				DEVELOPMENT_TEAM = JAF83NDSX6;
				INFOPLIST_FILE = MyBasicSkillApp/Info.plist;
				LD_RUNPATH_SEARCH_PATHS = (
					"$(inherited)",
					"@executable_path/Frameworks",
				);
				PRODUCT_BUNDLE_IDENTIFIER = com.lbs.MySeckillApp.MyBasicSkillApp;
				PRODUCT_NAME = "$(TARGET_NAME)";
				TARGETED_DEVICE_FAMILY = "1,2";
			};
			name = Debug;
		};
		63C5A9FD22B601EB00091EDE /* Release */ = {
			isa = XCBuildConfiguration;
			baseConfigurationReference = 945FDD028DCA62549E99BC8E /* Pods-MyBasicSkillApp.release.xcconfig */;
			buildSettings = {
				ASSETCATALOG_COMPILER_APPICON_NAME = AppIcon;
				CODE_SIGN_STYLE = Automatic;
				DEVELOPMENT_TEAM = JAF83NDSX6;
				INFOPLIST_FILE = MyBasicSkillApp/Info.plist;
				LD_RUNPATH_SEARCH_PATHS = (
					"$(inherited)",
					"@executable_path/Frameworks",
				);
				PRODUCT_BUNDLE_IDENTIFIER = com.lbs.MySeckillApp.MyBasicSkillApp;
				PRODUCT_NAME = "$(TARGET_NAME)";
				TARGETED_DEVICE_FAMILY = "1,2";
			};
			name = Release;
		};
		63C5A9FF22B601EB00091EDE /* Debug */ = {
			isa = XCBuildConfiguration;
			baseConfigurationReference = 9063F5632F2B8DA3251E1F14 /* Pods-MyBasicSkillAppTests.debug.xcconfig */;
			buildSettings = {
				BUNDLE_LOADER = "$(TEST_HOST)";
				CODE_SIGN_STYLE = Automatic;
				DEVELOPMENT_TEAM = JAF83NDSX6;
				INFOPLIST_FILE = MyBasicSkillAppTests/Info.plist;
				LD_RUNPATH_SEARCH_PATHS = (
					"$(inherited)",
					"@executable_path/Frameworks",
					"@loader_path/Frameworks",
				);
				PRODUCT_BUNDLE_IDENTIFIER = com.lbs.MySeckillApp.MyBasicSkillAppTests;
				PRODUCT_NAME = "$(TARGET_NAME)";
				TARGETED_DEVICE_FAMILY = "1,2";
				TEST_HOST = "$(BUILT_PRODUCTS_DIR)/MyBasicSkillApp.app/MyBasicSkillApp";
			};
			name = Debug;
		};
		63C5AA0022B601EB00091EDE /* Release */ = {
			isa = XCBuildConfiguration;
			baseConfigurationReference = 5BB17431BAEDAA9A22071BE2 /* Pods-MyBasicSkillAppTests.release.xcconfig */;
			buildSettings = {
				BUNDLE_LOADER = "$(TEST_HOST)";
				CODE_SIGN_STYLE = Automatic;
				DEVELOPMENT_TEAM = JAF83NDSX6;
				INFOPLIST_FILE = MyBasicSkillAppTests/Info.plist;
				LD_RUNPATH_SEARCH_PATHS = (
					"$(inherited)",
					"@executable_path/Frameworks",
					"@loader_path/Frameworks",
				);
				PRODUCT_BUNDLE_IDENTIFIER = com.lbs.MySeckillApp.MyBasicSkillAppTests;
				PRODUCT_NAME = "$(TARGET_NAME)";
				TARGETED_DEVICE_FAMILY = "1,2";
				TEST_HOST = "$(BUILT_PRODUCTS_DIR)/MyBasicSkillApp.app/MyBasicSkillApp";
			};
			name = Release;
		};
		63C5AA0222B601EB00091EDE /* Debug */ = {
			isa = XCBuildConfiguration;
			baseConfigurationReference = 046FEFEDE1AD8DBB886D6CEC /* Pods-MyBasicSkillAppUITests.debug.xcconfig */;
			buildSettings = {
				CODE_SIGN_STYLE = Automatic;
				DEVELOPMENT_TEAM = JAF83NDSX6;
				INFOPLIST_FILE = MyBasicSkillAppUITests/Info.plist;
				LD_RUNPATH_SEARCH_PATHS = (
					"$(inherited)",
					"@executable_path/Frameworks",
					"@loader_path/Frameworks",
				);
				PRODUCT_BUNDLE_IDENTIFIER = com.lbs.MySeckillApp.MyBasicSkillAppUITests;
				PRODUCT_NAME = "$(TARGET_NAME)";
				TARGETED_DEVICE_FAMILY = "1,2";
				TEST_TARGET_NAME = MyBasicSkillApp;
			};
			name = Debug;
		};
		63C5AA0322B601EB00091EDE /* Release */ = {
			isa = XCBuildConfiguration;
			baseConfigurationReference = F27F940447975AFCB39AE1B7 /* Pods-MyBasicSkillAppUITests.release.xcconfig */;
			buildSettings = {
				CODE_SIGN_STYLE = Automatic;
				DEVELOPMENT_TEAM = JAF83NDSX6;
				INFOPLIST_FILE = MyBasicSkillAppUITests/Info.plist;
				LD_RUNPATH_SEARCH_PATHS = (
					"$(inherited)",
					"@executable_path/Frameworks",
					"@loader_path/Frameworks",
				);
				PRODUCT_BUNDLE_IDENTIFIER = com.lbs.MySeckillApp.MyBasicSkillAppUITests;
				PRODUCT_NAME = "$(TARGET_NAME)";
				TARGETED_DEVICE_FAMILY = "1,2";
				TEST_TARGET_NAME = MyBasicSkillApp;
			};
			name = Release;
		};
/* End XCBuildConfiguration section */

/* Begin XCConfigurationList section */
		63C5A9CA22B601E900091EDE /* Build configuration list for PBXProject "MyBasicSkillApp" */ = {
			isa = XCConfigurationList;
			buildConfigurations = (
				63C5A9F922B601EB00091EDE /* Debug */,
				63C5A9FA22B601EB00091EDE /* Release */,
			);
			defaultConfigurationIsVisible = 0;
			defaultConfigurationName = Release;
		};
		63C5A9FB22B601EB00091EDE /* Build configuration list for PBXNativeTarget "MyBasicSkillApp" */ = {
			isa = XCConfigurationList;
			buildConfigurations = (
				63C5A9FC22B601EB00091EDE /* Debug */,
				63C5A9FD22B601EB00091EDE /* Release */,
			);
			defaultConfigurationIsVisible = 0;
			defaultConfigurationName = Release;
		};
		63C5A9FE22B601EB00091EDE /* Build configuration list for PBXNativeTarget "MyBasicSkillAppTests" */ = {
			isa = XCConfigurationList;
			buildConfigurations = (
				63C5A9FF22B601EB00091EDE /* Debug */,
				63C5AA0022B601EB00091EDE /* Release */,
			);
			defaultConfigurationIsVisible = 0;
			defaultConfigurationName = Release;
		};
		63C5AA0122B601EB00091EDE /* Build configuration list for PBXNativeTarget "MyBasicSkillAppUITests" */ = {
			isa = XCConfigurationList;
			buildConfigurations = (
				63C5AA0222B601EB00091EDE /* Debug */,
				63C5AA0322B601EB00091EDE /* Release */,
			);
			defaultConfigurationIsVisible = 0;
			defaultConfigurationName = Release;
		};
/* End XCConfigurationList section */
	};
	rootObject = 63C5A9C722B601E900091EDE /* Project object */;
}
